# Generated by pub
# See https://dart.dev/tools/pub/glossary#lockfile
packages:
  buffer:
    dependency: "direct main"
    description:
      name: buffer
      sha256: "389da2ec2c16283c8787e0adaede82b1842102f8c8aae2f49003a766c5c6b3d1"
      url: "https://pub.dev"
    source: hosted
    version: "1.2.3"
  events_emitter:
    dependency: "direct main"
    description:
      name: events_emitter
      sha256: d1024256ec6f6ddb18120351c7979d3986fe8d0a3b59c9f57a066e43542187de
      url: "https://pub.dev"
    source: hosted
    version: "0.6.0"
  meta:
    dependency: "direct main"
    description:
      name: meta
      sha256: "23f08335362185a5ea2ad3a4e597f1375e78bce8a040df5c600c8d3552ef2394"
      url: "https://pub.dev"
    source: hosted
    version: "1.17.0"
  path:
    dependency: "direct main"
    description:
      name: path
      sha256: "75cca69d1490965be98c73ceaea117e8a04dd21217b37b292c9ddbec0d955bc5"
      url: "https://pub.dev"
    source: hosted
    version: "1.9.1"
  rxdart:
    dependency: transitive
    description:
      name: rxdart
      sha256: "5c3004a4a8dbb94bd4bf5412a4def4acdaa12e12f269737a5751369e12d1a962"
      url: "https://pub.dev"
    source: hosted
    version: "0.28.0"
sdks:
  dart: ">=3.7.0 <4.0.0"
